{
  "name": "ftpbackup",
  "version": "0.0.1",
  "lockfileVersion": 3,
  "requires": true,
  "packages": {
    "": {
      "name": "ftpbackup",
      "version": "0.0.1",
      "license": "MIT",
      "dependencies": {
        "@popovmp/tar": "^1.2.1",
        "basic-ftp": "^5.0.3",
        "mkdirp": "^3.0.1"
      }
    },
    "node_modules/@popovmp/tar": {
      "version": "1.2.1",
      "resolved": "https://registry.npmjs.org/@popovmp/tar/-/tar-1.2.1.tgz",
      "integrity": "sha512-EfGiDiWjdBg9cgrH52ypDWHR9z7dDUtc217srKYKJ406LI4MCNZei7OhUgc7PVSX03vMVH00vEccBLl0zmJIUQ=="
    },
    "node_modules/basic-ftp": {
      "version": "5.0.3",
      "resolved": "https://registry.npmjs.org/basic-ftp/-/basic-ftp-5.0.3.tgz",
      "integrity": "sha512-QHX8HLlncOLpy54mh+k/sWIFd0ThmRqwe9ZjELybGZK+tZ8rUb9VO0saKJUROTbE+KhzDUT7xziGpGrW8Kmd+g==",
      "engines": {
        "node": ">=10.0.0"
      }
    },
    "node_modules/mkdirp": {
      "version": "3.0.1",
      "resolved": "https://registry.npmjs.org/mkdirp/-/mkdirp-3.0.1.tgz",
      "integrity": "sha512-+NsyUUAZDmo6YVHzL/stxSu3t9YS1iljliy3BSDrXJ/dkn1KYdmtZODGGjLcc9XLgVVpH4KshHB8XmZgMhaBXg==",
      "bin": {
        "mkdirp": "dist/cjs/src/bin.js"
      },
      "engines": {
        "node": ">=10"
      },
      "funding": {
        "url": "https://github.com/sponsors/isaacs"
      }
    }
  }
}
